
Microsoft Visual Studio Solution File, Format Version 12.00
# Visual Studio Version 16
VisualStudioVersion = 16.0.31410.357
MinimumVisualStudioVersion = 10.0.40219.1
Project("{9A19103F-16F7-4668-BE54-9A1E7A4F7556}") = "Manager", "Manager.csproj", "{EFBD9B3D-B4CF-43FC-8782-F7CEAF21C38D}"
EndProject
Project("{FAE04EC0-301F-11D3-BF4B-00C04F79EFBC}") = "TestHW2", "..\TestHW2\TestHW2.csproj", "{6E4E2E18-17AC-4F7D-AF70-243186676B7C}"
EndProject
Project("{FAE04EC0-301F-11D3-BF4B-00C04F79EFBC}") = "Client", "..\Client\Client.csproj", "{B7F37E8C-EFF1-42DF-B435-0E7C82B056F5}"
EndProject
Global
	GlobalSection(SolutionConfigurationPlatforms) = preSolution
		Debug|Any CPU = Debug|Any CPU
		Release|Any CPU = Release|Any CPU
	EndGlobalSection
	GlobalSection(ProjectConfigurationPlatforms) = postSolution
		{EFBD9B3D-B4CF-43FC-8782-F7CEAF21C38D}.Debug|Any CPU.ActiveCfg = Debug|Any CPU
		{EFBD9B3D-B4CF-43FC-8782-F7CEAF21C38D}.Debug|Any CPU.Build.0 = Debug|Any CPU
		{EFBD9B3D-B4CF-43FC-8782-F7CEAF21C38D}.Release|Any CPU.ActiveCfg = Release|Any CPU
		{EFBD9B3D-B4CF-43FC-8782-F7CEAF21C38D}.Release|Any CPU.Build.0 = Release|Any CPU
		{6E4E2E18-17AC-4F7D-AF70-243186676B7C}.Debug|Any CPU.ActiveCfg = Debug|Any CPU
		{6E4E2E18-17AC-4F7D-AF70-243186676B7C}.Debug|Any CPU.Build.0 = Debug|Any CPU
		{6E4E2E18-17AC-4F7D-AF70-243186676B7C}.Release|Any CPU.ActiveCfg = Release|Any CPU
		{6E4E2E18-17AC-4F7D-AF70-243186676B7C}.Release|Any CPU.Build.0 = Release|Any CPU
		{B7F37E8C-EFF1-42DF-B435-0E7C82B056F5}.Debug|Any CPU.ActiveCfg = Debug|Any CPU
		{B7F37E8C-EFF1-42DF-B435-0E7C82B056F5}.Debug|Any CPU.Build.0 = Debug|Any CPU
		{B7F37E8C-EFF1-42DF-B435-0E7C82B056F5}.Release|Any CPU.ActiveCfg = Release|Any CPU
		{B7F37E8C-EFF1-42DF-B435-0E7C82B056F5}.Release|Any CPU.Build.0 = Release|Any CPU
	EndGlobalSection
	GlobalSection(SolutionProperties) = preSolution
		HideSolutionNode = FALSE
	EndGlobalSection
	GlobalSection(ExtensibilityGlobals) = postSolution
		SolutionGuid = {A00E8B7A-4141-4C5A-B1AB-B5C994680CE1}
	EndGlobalSection
EndGlobal
